
Microsoft Visual Studio Solution File, Format Version 12.00
# Visual Studio 15
VisualStudioVersion = 15.0.25802.0
MinimumVisualStudioVersion = 10.0.40219.1
Project("{151D2E53-A2C4-4D7D-83FE-D05416EBD58E}") = "OpSheetResourceGroup", "OpSheetResourceGroup\OpSheetResourceGroup.deployproj", "{58829C8B-A157-4427-8D0F-30E398B85A60}"
EndProject
Global
	GlobalSection(SolutionConfigurationPlatforms) = preSolution
		Debug|Any CPU = Debug|Any CPU
		Release|Any CPU = Release|Any CPU
	EndGlobalSection
	GlobalSection(ProjectConfigurationPlatforms) = postSolution
		{58829C8B-A157-4427-8D0F-30E398B85A60}.Debug|Any CPU.ActiveCfg = Debug|Any CPU
		{58829C8B-A157-4427-8D0F-30E398B85A60}.Debug|Any CPU.Build.0 = Debug|Any CPU
		{58829C8B-A157-4427-8D0F-30E398B85A60}.Release|Any CPU.ActiveCfg = Release|Any CPU
		{58829C8B-A157-4427-8D0F-30E398B85A60}.Release|Any CPU.Build.0 = Release|Any CPU
	EndGlobalSection
	GlobalSection(SolutionProperties) = preSolution
		HideSolutionNode = FALSE
	EndGlobalSection
EndGlobal
